
Microsoft Visual Studio Solution File, Format Version 12.00
# Visual Studio Version 17
VisualStudioVersion = 17.2.32630.192
MinimumVisualStudioVersion = 10.0.40219.1
Project("{FAE04EC0-301F-11D3-BF4B-00C04F79EFBC}") = "Unacademy", "Unacademy\Unacademy.csproj", "{04777246-892E-4FE6-A0FB-924406BCB630}"
EndProject
Global
	GlobalSection(SolutionConfigurationPlatforms) = preSolution
		Debug|Any CPU = Debug|Any CPU
		Release|Any CPU = Release|Any CPU
	EndGlobalSection
	GlobalSection(ProjectConfigurationPlatforms) = postSolution
		{04777246-892E-4FE6-A0FB-924406BCB630}.Debug|Any CPU.ActiveCfg = Debug|Any CPU
		{04777246-892E-4FE6-A0FB-924406BCB630}.Debug|Any CPU.Build.0 = Debug|Any CPU
		{04777246-892E-4FE6-A0FB-924406BCB630}.Release|Any CPU.ActiveCfg = Release|Any CPU
		{04777246-892E-4FE6-A0FB-924406BCB630}.Release|Any CPU.Build.0 = Release|Any CPU
	EndGlobalSection
	GlobalSection(SolutionProperties) = preSolution
		HideSolutionNode = FALSE
	EndGlobalSection
	GlobalSection(ExtensibilityGlobals) = postSolution
		SolutionGuid = {5491E599-8F5B-40A6-8728-E69B2BB1A48E}
	EndGlobalSection
EndGlobal
